
Microsoft Visual Studio Solution File, Format Version 12.00
# Visual Studio 15
VisualStudioVersion = 15.0.28010.2050
MinimumVisualStudioVersion = 10.0.40219.1
Project("{FAE04EC0-301F-11D3-BF4B-00C04F79EFBC}") = "Lab6", "Lab6\Lab6.csproj", "{5D73F1A7-E48C-4511-88C1-E6D93BCF9315}"
EndProject
Global
	GlobalSection(SolutionConfigurationPlatforms) = preSolution
		Debug|Any CPU = Debug|Any CPU
		Release|Any CPU = Release|Any CPU
	EndGlobalSection
	GlobalSection(ProjectConfigurationPlatforms) = postSolution
		{5D73F1A7-E48C-4511-88C1-E6D93BCF9315}.Debug|Any CPU.ActiveCfg = Debug|Any CPU
		{5D73F1A7-E48C-4511-88C1-E6D93BCF9315}.Debug|Any CPU.Build.0 = Debug|Any CPU
		{5D73F1A7-E48C-4511-88C1-E6D93BCF9315}.Release|Any CPU.ActiveCfg = Release|Any CPU
		{5D73F1A7-E48C-4511-88C1-E6D93BCF9315}.Release|Any CPU.Build.0 = Release|Any CPU
	EndGlobalSection
	GlobalSection(SolutionProperties) = preSolution
		HideSolutionNode = FALSE
	EndGlobalSection
	GlobalSection(ExtensibilityGlobals) = postSolution
		SolutionGuid = {C0379C3A-EC31-4EC6-8371-49D4257212E2}
	EndGlobalSection
EndGlobal
